
Microsoft Visual Studio Solution File, Format Version 12.00
# Visual Studio Version 16
VisualStudioVersion = 16.0.30717.126
MinimumVisualStudioVersion = 10.0.40219.1
Project("{FAE04EC0-301F-11D3-BF4B-00C04F79EFBC}") = "ilan", "ilan\ilan.csproj", "{E287D0C8-9690-4BD2-95D9-1114A4C11328}"
EndProject
Global
	GlobalSection(SolutionConfigurationPlatforms) = preSolution
		Debug|Any CPU = Debug|Any CPU
		Release|Any CPU = Release|Any CPU
	EndGlobalSection
	GlobalSection(ProjectConfigurationPlatforms) = postSolution
		{E287D0C8-9690-4BD2-95D9-1114A4C11328}.Debug|Any CPU.ActiveCfg = Debug|Any CPU
		{E287D0C8-9690-4BD2-95D9-1114A4C11328}.Debug|Any CPU.Build.0 = Debug|Any CPU
		{E287D0C8-9690-4BD2-95D9-1114A4C11328}.Release|Any CPU.ActiveCfg = Release|Any CPU
		{E287D0C8-9690-4BD2-95D9-1114A4C11328}.Release|Any CPU.Build.0 = Release|Any CPU
	EndGlobalSection
	GlobalSection(SolutionProperties) = preSolution
		HideSolutionNode = FALSE
	EndGlobalSection
	GlobalSection(ExtensibilityGlobals) = postSolution
		SolutionGuid = {B0D7DDBF-2126-4EBE-B1C0-14637B41B311}
	EndGlobalSection
EndGlobal
